
Microsoft Visual Studio Solution File, Format Version 12.00
# Visual Studio Version 16
VisualStudioVersion = 16.0.30413.136
MinimumVisualStudioVersion = 10.0.40219.1
Project("{FAE04EC0-301F-11D3-BF4B-00C04F79EFBC}") = "AttributesForSummerSchool", "AttributesForSummerSchool\AttributesForSummerSchool.csproj", "{9A5B08FE-54F5-49FB-B7F4-31D790D37E5A}"
EndProject
Project("{FAE04EC0-301F-11D3-BF4B-00C04F79EFBC}") = "AttributesLibForSummerSchool", "AttributesLibForSummerSchool\AttributesLibForSummerSchool.csproj", "{B6235862-D11F-4584-BD93-1D4E153BDCEF}"
EndProject
Global
	GlobalSection(SolutionConfigurationPlatforms) = preSolution
		Debug|Any CPU = Debug|Any CPU
		Release|Any CPU = Release|Any CPU
	EndGlobalSection
	GlobalSection(ProjectConfigurationPlatforms) = postSolution
		{9A5B08FE-54F5-49FB-B7F4-31D790D37E5A}.Debug|Any CPU.ActiveCfg = Debug|Any CPU
		{9A5B08FE-54F5-49FB-B7F4-31D790D37E5A}.Debug|Any CPU.Build.0 = Debug|Any CPU
		{9A5B08FE-54F5-49FB-B7F4-31D790D37E5A}.Release|Any CPU.ActiveCfg = Release|Any CPU
		{9A5B08FE-54F5-49FB-B7F4-31D790D37E5A}.Release|Any CPU.Build.0 = Release|Any CPU
		{B6235862-D11F-4584-BD93-1D4E153BDCEF}.Debug|Any CPU.ActiveCfg = Debug|Any CPU
		{B6235862-D11F-4584-BD93-1D4E153BDCEF}.Debug|Any CPU.Build.0 = Debug|Any CPU
		{B6235862-D11F-4584-BD93-1D4E153BDCEF}.Release|Any CPU.ActiveCfg = Release|Any CPU
		{B6235862-D11F-4584-BD93-1D4E153BDCEF}.Release|Any CPU.Build.0 = Release|Any CPU
	EndGlobalSection
	GlobalSection(SolutionProperties) = preSolution
		HideSolutionNode = FALSE
	EndGlobalSection
	GlobalSection(ExtensibilityGlobals) = postSolution
		SolutionGuid = {0C396415-6267-4B06-8D73-EF1E931943A5}
	EndGlobalSection
EndGlobal
